
Microsoft Visual Studio Solution File, Format Version 12.00
# Visual Studio Version 17
VisualStudioVersion = 17.0.31903.59
MinimumVisualStudioVersion = 10.0.40219.1
Project("{9A19103F-16F7-4668-BE54-9A1E7A4F7556}") = "WebIndex.App", "WebIndex.App\WebExpress.Tutorial.WebIndex.App.csproj", "{93383FBA-391F-4E2C-AF8E-7639C034171D}"
EndProject
Project("{9A19103F-16F7-4668-BE54-9A1E7A4F7556}") = "WebIndex", "WebIndex\WebExpress.Tutorial.WebIndex.csproj", "{9FB64A8C-F58A-4D3E-AE37-5B50450E985F}"
EndProject
Global
	GlobalSection(SolutionConfigurationPlatforms) = preSolution
		Debug|Any CPU = Debug|Any CPU
		Release|Any CPU = Release|Any CPU
	EndGlobalSection
	GlobalSection(ProjectConfigurationPlatforms) = postSolution
		{93383FBA-391F-4E2C-AF8E-7639C034171D}.Debug|Any CPU.ActiveCfg = Debug|Any CPU
		{93383FBA-391F-4E2C-AF8E-7639C034171D}.Debug|Any CPU.Build.0 = Debug|Any CPU
		{93383FBA-391F-4E2C-AF8E-7639C034171D}.Release|Any CPU.ActiveCfg = Release|Any CPU
		{93383FBA-391F-4E2C-AF8E-7639C034171D}.Release|Any CPU.Build.0 = Release|Any CPU
		{9FB64A8C-F58A-4D3E-AE37-5B50450E985F}.Debug|Any CPU.ActiveCfg = Debug|Any CPU
		{9FB64A8C-F58A-4D3E-AE37-5B50450E985F}.Debug|Any CPU.Build.0 = Debug|Any CPU
		{9FB64A8C-F58A-4D3E-AE37-5B50450E985F}.Release|Any CPU.ActiveCfg = Release|Any CPU
		{9FB64A8C-F58A-4D3E-AE37-5B50450E985F}.Release|Any CPU.Build.0 = Release|Any CPU
	EndGlobalSection
	GlobalSection(SolutionProperties) = preSolution
		HideSolutionNode = FALSE
	EndGlobalSection
	GlobalSection(ExtensibilityGlobals) = postSolution
		SolutionGuid = {831C75A9-F832-4CB6-8DC6-60E53BD0E4A6}
	EndGlobalSection
EndGlobal
